# This file was autogenerated by Stack.
# You should not edit this file by hand.
# For more information, please see the documentation at:
#   https://docs.haskellstack.org/en/stable/lock_files

packages:
- completed:
    name: z3
    version: '408.2'
    git: https://github.com/IagoAbal/haskell-z3.git
    pantry-tree:
      size: 1587
      sha256: 8b2527e7e464b524c48c92cec67a25a6a03d9da19f43e01f0717c919aca61269
    commit: 4ff2215c26c3beda97385b4bd356329fd24c2e76
  original:
    git: https://github.com/IagoAbal/haskell-z3.git
    commit: 4ff2215c26c3beda97385b4bd356329fd24c2e76
- completed:
    name: id-containers
    version: 0.0.1
    git: https://github.com/sourcedennis/haskell-id-containers.git
    pantry-tree:
      size: 751
      sha256: e11b4f3feba783e1c682b585d00b3174e35b606a863089579d365e03b2e0789f
    commit: 92f5562b3830fd74031f5f48b3dd49e018b80664
  original:
    git: https://github.com/sourcedennis/haskell-id-containers.git
    commit: 92f5562b3830fd74031f5f48b3dd49e018b80664
- completed:
    name: eqrel
    version: 0.0.1
    git: https://github.com/sourcedennis/haskell-eqrel.git
    pantry-tree:
      size: 685
      sha256: 3a153602b3fad48252500a25f031b4385c0b7dadeea46a5ae436f5905deaf2bd
    commit: ad4a869670d068d7a589c41c79eb1ca9cad8ac24
  original:
    git: https://github.com/sourcedennis/haskell-eqrel.git
    commit: ad4a869670d068d7a589c41c79eb1ca9cad8ac24
- completed:
    name: sparse-blob
    version: 0.0.1
    git: https://github.com/sourcedennis/haskell-sparse-blob.git
    pantry-tree:
      size: 1052
      sha256: ccd562bd0b2a2ea52541fefcdbf00072e64e5295be431c82d0ab6cdc33d7bb75
    commit: 7ceca2f6d6a9d9b083ac0c9f7a262e24ec2f582d
  original:
    git: https://github.com/sourcedennis/haskell-sparse-blob.git
    commit: 7ceca2f6d6a9d9b083ac0c9f7a262e24ec2f582d
- completed:
    hackage: hashable-1.3.0.0@sha256:4c70f1407881059e93550d3742191254296b2737b793a742bd901348fb3e1fb1,5206
    pantry-tree:
      size: 1521
      sha256: 84aba72926c33debd71fb9c670869d842025f8ea45ad10084289a34f0448250f
  original:
    hackage: hashable-1.3.0.0@sha256:4c70f1407881059e93550d3742191254296b2737b793a742bd901348fb3e1fb1,5206
- completed:
    hackage: data-sword-0.2.0.2@sha256:997c73059441e4fdde7919965b228a373a6a0ce1150edf4985d0bc3f6e7f278d,1457
    pantry-tree:
      size: 439
      sha256: 5148efd3ab98e8e81c1818eb57586d565b7e2fcfe0618b3ad5e13f78e69413ac
  original:
    hackage: data-sword-0.2.0.2@sha256:997c73059441e4fdde7919965b228a373a6a0ce1150edf4985d0bc3f6e7f278d,1457
snapshots:
- completed:
    size: 524154
    url: https://raw.githubusercontent.com/commercialhaskell/stackage-snapshots/master/lts/14/20.yaml
    sha256: 2f5099f69ddb6abfe64400fe1e6a604e8e628f55e6837211cd70a81eb0a8fa4d
  original: lts-14.20
